
Microsoft Visual Studio Solution File, Format Version 12.00
# Visual Studio Version 17
VisualStudioVersion = 17.13.35828.75 d17.13
MinimumVisualStudioVersion = 10.0.40219.1
Project("{FAE04EC0-301F-11D3-BF4B-00C04F79EFBC}") = "Phuc", "Phuc\Phuc.csproj", "{077B9EF2-2BD4-4C2D-8B86-8B7DB0248396}"
EndProject
Global
	GlobalSection(SolutionConfigurationPlatforms) = preSolution
		Debug|Any CPU = Debug|Any CPU
		Release|Any CPU = Release|Any CPU
	EndGlobalSection
	GlobalSection(ProjectConfigurationPlatforms) = postSolution
		{077B9EF2-2BD4-4C2D-8B86-8B7DB0248396}.Debug|Any CPU.ActiveCfg = Debug|Any CPU
		{077B9EF2-2BD4-4C2D-8B86-8B7DB0248396}.Debug|Any CPU.Build.0 = Debug|Any CPU
		{077B9EF2-2BD4-4C2D-8B86-8B7DB0248396}.Release|Any CPU.ActiveCfg = Release|Any CPU
		{077B9EF2-2BD4-4C2D-8B86-8B7DB0248396}.Release|Any CPU.Build.0 = Release|Any CPU
	EndGlobalSection
	GlobalSection(SolutionProperties) = preSolution
		HideSolutionNode = FALSE
	EndGlobalSection
	GlobalSection(ExtensibilityGlobals) = postSolution
		SolutionGuid = {A8F6A29D-9581-4121-A58D-1FF39A486507}
	EndGlobalSection
EndGlobal
